
Microsoft Visual Studio Solution File, Format Version 12.00
# Visual Studio 2012
Project("{FAE04EC0-301F-11D3-BF4B-00C04F79EFBC}") = "Game15", "Game15\Game15.csproj", "{0057DD04-42D2-4C7A-9C0D-393B92024CAA}"
EndProject
Project("{FAE04EC0-301F-11D3-BF4B-00C04F79EFBC}") = "GameTest", "GameTest\GameTest.csproj", "{3AA346D8-F004-45E1-8DDA-73A9279A003E}"
EndProject
Global
	GlobalSection(SolutionConfigurationPlatforms) = preSolution
		Debug|Any CPU = Debug|Any CPU
		Release|Any CPU = Release|Any CPU
	EndGlobalSection
	GlobalSection(ProjectConfigurationPlatforms) = postSolution
		{0057DD04-42D2-4C7A-9C0D-393B92024CAA}.Debug|Any CPU.ActiveCfg = Debug|Any CPU
		{0057DD04-42D2-4C7A-9C0D-393B92024CAA}.Debug|Any CPU.Build.0 = Debug|Any CPU
		{0057DD04-42D2-4C7A-9C0D-393B92024CAA}.Release|Any CPU.ActiveCfg = Release|Any CPU
		{0057DD04-42D2-4C7A-9C0D-393B92024CAA}.Release|Any CPU.Build.0 = Release|Any CPU
		{3AA346D8-F004-45E1-8DDA-73A9279A003E}.Debug|Any CPU.ActiveCfg = Debug|Any CPU
		{3AA346D8-F004-45E1-8DDA-73A9279A003E}.Debug|Any CPU.Build.0 = Debug|Any CPU
		{3AA346D8-F004-45E1-8DDA-73A9279A003E}.Release|Any CPU.ActiveCfg = Release|Any CPU
		{3AA346D8-F004-45E1-8DDA-73A9279A003E}.Release|Any CPU.Build.0 = Release|Any CPU
	EndGlobalSection
	GlobalSection(SolutionProperties) = preSolution
		HideSolutionNode = FALSE
	EndGlobalSection
EndGlobal
